
Microsoft Visual Studio Solution File, Format Version 12.00
# Visual Studio 15
VisualStudioVersion = 15.0.33423.255
MinimumVisualStudioVersion = 10.0.40219.1
Project("{159641D6-6404-4A2A-AE62-294DE0FE8301}") = "My First SSIS Package", "My First SSIS Package\My First SSIS Package.dtproj", "{7D7EA72B-49BE-4EB8-AAAC-463553FFD132}"
EndProject
Global
	GlobalSection(SolutionConfigurationPlatforms) = preSolution
		Development|Default = Development|Default
	EndGlobalSection
	GlobalSection(ProjectConfigurationPlatforms) = postSolution
		{7D7EA72B-49BE-4EB8-AAAC-463553FFD132}.Development|Default.ActiveCfg = Development
		{7D7EA72B-49BE-4EB8-AAAC-463553FFD132}.Development|Default.Build.0 = Development
	EndGlobalSection
	GlobalSection(SolutionProperties) = preSolution
		HideSolutionNode = FALSE
	EndGlobalSection
	GlobalSection(ExtensibilityGlobals) = postSolution
		SolutionGuid = {22052070-843C-42DD-99AE-1297C24062B3}
	EndGlobalSection
EndGlobal
